
Microsoft Visual Studio Solution File, Format Version 12.00
# Visual Studio 15
VisualStudioVersion = 15.0.27004.2009
MinimumVisualStudioVersion = 10.0.40219.1
Project("{FAE04EC0-301F-11D3-BF4B-00C04F79EFBC}") = "WPF_TreeViews", "WPF_TreeViews\WPF_TreeViews.csproj", "{D9AA605E-C0EF-48E5-A9EC-94B8CB205551}"
EndProject
Global
	GlobalSection(SolutionConfigurationPlatforms) = preSolution
		Debug|Any CPU = Debug|Any CPU
		Release|Any CPU = Release|Any CPU
	EndGlobalSection
	GlobalSection(ProjectConfigurationPlatforms) = postSolution
		{D9AA605E-C0EF-48E5-A9EC-94B8CB205551}.Debug|Any CPU.ActiveCfg = Debug|Any CPU
		{D9AA605E-C0EF-48E5-A9EC-94B8CB205551}.Debug|Any CPU.Build.0 = Debug|Any CPU
		{D9AA605E-C0EF-48E5-A9EC-94B8CB205551}.Release|Any CPU.ActiveCfg = Release|Any CPU
		{D9AA605E-C0EF-48E5-A9EC-94B8CB205551}.Release|Any CPU.Build.0 = Release|Any CPU
	EndGlobalSection
	GlobalSection(SolutionProperties) = preSolution
		HideSolutionNode = FALSE
	EndGlobalSection
	GlobalSection(ExtensibilityGlobals) = postSolution
		SolutionGuid = {31DAAE6A-D8D8-4A46-8A0D-48C05DC438F3}
	EndGlobalSection
EndGlobal
